// !$*UTF8*$!
{
	archiveVersion = 1;
	classes = {
	};
	objectVersion = 55;
	objects = {

/* Begin PBXBuildFile section */
		1D0BC30927D4124A000AEAD5 /* AppDelegate.swift in Sources */ = {isa = PBXBuildFile; fileRef = 1D0BC30827D4124A000AEAD5 /* AppDelegate.swift */; };
		1D0BC30B27D4124A000AEAD5 /* SceneDelegate.swift in Sources */ = {isa = PBXBuildFile; fileRef = 1D0BC30A27D4124A000AEAD5 /* SceneDelegate.swift */; };
		1D0BC31027D4124A000AEAD5 /* Main.storyboard in Resources */ = {isa = PBXBuildFile; fileRef = 1D0BC30E27D4124A000AEAD5 /* Main.storyboard */; };
		1D0BC31227D4124D000AEAD5 /* Assets.xcassets in Resources */ = {isa = PBXBuildFile; fileRef = 1D0BC31127D4124D000AEAD5 /* Assets.xcassets */; };
		1D0BC31527D4124D000AEAD5 /* LaunchScreen.storyboard in Resources */ = {isa = PBXBuildFile; fileRef = 1D0BC31327D4124D000AEAD5 /* LaunchScreen.storyboard */; };
		1D0BC32027D4124D000AEAD5 /* InstagramTests.swift in Sources */ = {isa = PBXBuildFile; fileRef = 1D0BC31F27D4124D000AEAD5 /* InstagramTests.swift */; };
		1D0BC32A27D4124E000AEAD5 /* InstagramUITests.swift in Sources */ = {isa = PBXBuildFile; fileRef = 1D0BC32927D4124E000AEAD5 /* InstagramUITests.swift */; };
		1D0BC32C27D4124E000AEAD5 /* InstagramUITestsLaunchTests.swift in Sources */ = {isa = PBXBuildFile; fileRef = 1D0BC32B27D4124E000AEAD5 /* InstagramUITestsLaunchTests.swift */; };
		1D0BC33A27D4191E000AEAD5 /* AlamofireImage in Frameworks */ = {isa = PBXBuildFile; productRef = 1D0BC33927D4191E000AEAD5 /* AlamofireImage */; };
		1D5B4BD027D428500027626E /* LoginViewController.swift in Sources */ = {isa = PBXBuildFile; fileRef = 1D5B4BCF27D428500027626E /* LoginViewController.swift */; };
		1D5B4BD227D4286C0027626E /* FeedViewController.swift in Sources */ = {isa = PBXBuildFile; fileRef = 1D5B4BD127D4286C0027626E /* FeedViewController.swift */; };
		1D5B4BD427D46B860027626E /* CameraViewController.swift in Sources */ = {isa = PBXBuildFile; fileRef = 1D5B4BD327D46B860027626E /* CameraViewController.swift */; };
		1D5B4BD627D4811A0027626E /* PostCell.swift in Sources */ = {isa = PBXBuildFile; fileRef = 1D5B4BD527D4811A0027626E /* PostCell.swift */; };
		83AB1A29324CAB71DE950E74 /* Pods_Instagram_InstagramUITests.framework in Frameworks */ = {isa = PBXBuildFile; fileRef = 838EB915DF444E74BF9C9ABC /* Pods_Instagram_InstagramUITests.framework */; };
		B9447D9DA2035BE90806E0E3 /* Pods_Instagram.framework in Frameworks */ = {isa = PBXBuildFile; fileRef = DF5BEF893E9895958F49F770 /* Pods_Instagram.framework */; };
		C3A53724D3A903C7D463D46C /* Pods_InstagramTests.framework in Frameworks */ = {isa = PBXBuildFile; fileRef = D2636C115B2F9A618E90624E /* Pods_InstagramTests.framework */; };
/* End PBXBuildFile section */

/* Begin PBXContainerItemProxy section */
		1D0BC31C27D4124D000AEAD5 /* PBXContainerItemProxy */ = {
			isa = PBXContainerItemProxy;
			containerPortal = 1D0BC2FD27D4124A000AEAD5 /* Project object */;
			proxyType = 1;
			remoteGlobalIDString = 1D0BC30427D4124A000AEAD5;
			remoteInfo = Instagram;
		};
		1D0BC32627D4124E000AEAD5 /* PBXContainerItemProxy */ = {
			isa = PBXContainerItemProxy;
			containerPortal = 1D0BC2FD27D4124A000AEAD5 /* Project object */;
			proxyType = 1;
			remoteGlobalIDString = 1D0BC30427D4124A000AEAD5;
			remoteInfo = Instagram;
		};
/* End PBXContainerItemProxy section */

/* Begin PBXFileReference section */
		1D0BC30527D4124A000AEAD5 /* Instagram.app */ = {isa = PBXFileReference; explicitFileType = wrapper.application; includeInIndex = 0; path = Instagram.app; sourceTree = BUILT_PRODUCTS_DIR; };
		1D0BC30827D4124A000AEAD5 /* AppDelegate.swift */ = {isa = PBXFileReference; lastKnownFileType = sourcecode.swift; path = AppDelegate.swift; sourceTree = "<group>"; };
		1D0BC30A27D4124A000AEAD5 /* SceneDelegate.swift */ = {isa = PBXFileReference; lastKnownFileType = sourcecode.swift; path = SceneDelegate.swift; sourceTree = "<group>"; };
		1D0BC30F27D4124A000AEAD5 /* Base */ = {isa = PBXFileReference; lastKnownFileType = file.storyboard; name = Base; path = Base.lproj/Main.storyboard; sourceTree = "<group>"; };
		1D0BC31127D4124D000AEAD5 /* Assets.xcassets */ = {isa = PBXFileReference; lastKnownFileType = folder.assetcatalog; path = Assets.xcassets; sourceTree = "<group>"; };
		1D0BC31427D4124D000AEAD5 /* Base */ = {isa = PBXFileReference; lastKnownFileType = file.storyboard; name = Base; path = Base.lproj/LaunchScreen.storyboard; sourceTree = "<group>"; };
		1D0BC31627D4124D000AEAD5 /* Info.plist */ = {isa = PBXFileReference; lastKnownFileType = text.plist.xml; path = Info.plist; sourceTree = "<group>"; };
		1D0BC31B27D4124D000AEAD5 /* InstagramTests.xctest */ = {isa = PBXFileReference; explicitFileType = wrapper.cfbundle; includeInIndex = 0; path = InstagramTests.xctest; sourceTree = BUILT_PRODUCTS_DIR; };
		1D0BC31F27D4124D000AEAD5 /* InstagramTests.swift */ = {isa = PBXFileReference; lastKnownFileType = sourcecode.swift; path = InstagramTests.swift; sourceTree = "<group>"; };
		1D0BC32527D4124E000AEAD5 /* InstagramUITests.xctest */ = {isa = PBXFileReference; explicitFileType = wrapper.cfbundle; includeInIndex = 0; path = InstagramUITests.xctest; sourceTree = BUILT_PRODUCTS_DIR; };
		1D0BC32927D4124E000AEAD5 /* InstagramUITests.swift */ = {isa = PBXFileReference; lastKnownFileType = sourcecode.swift; path = InstagramUITests.swift; sourceTree = "<group>"; };
		1D0BC32B27D4124E000AEAD5 /* InstagramUITestsLaunchTests.swift */ = {isa = PBXFileReference; lastKnownFileType = sourcecode.swift; path = InstagramUITestsLaunchTests.swift; sourceTree = "<group>"; };
		1D5B4BCF27D428500027626E /* LoginViewController.swift */ = {isa = PBXFileReference; lastKnownFileType = sourcecode.swift; path = LoginViewController.swift; sourceTree = "<group>"; };
		1D5B4BD127D4286C0027626E /* FeedViewController.swift */ = {isa = PBXFileReference; lastKnownFileType = sourcecode.swift; path = FeedViewController.swift; sourceTree = "<group>"; };
		1D5B4BD327D46B860027626E /* CameraViewController.swift */ = {isa = PBXFileReference; lastKnownFileType = sourcecode.swift; path = CameraViewController.swift; sourceTree = "<group>"; };
		1D5B4BD527D4811A0027626E /* PostCell.swift */ = {isa = PBXFileReference; lastKnownFileType = sourcecode.swift; path = PostCell.swift; sourceTree = "<group>"; };
		838EB915DF444E74BF9C9ABC /* Pods_Instagram_InstagramUITests.framework */ = {isa = PBXFileReference; explicitFileType = wrapper.framework; includeInIndex = 0; path = Pods_Instagram_InstagramUITests.framework; sourceTree = BUILT_PRODUCTS_DIR; };
		A1097E789C99D023F0CDDB7F /* Pods-Instagram-InstagramUITests.release.xcconfig */ = {isa = PBXFileReference; includeInIndex = 1; lastKnownFileType = text.xcconfig; name = "Pods-Instagram-InstagramUITests.release.xcconfig"; path = "Target Support Files/Pods-Instagram-InstagramUITests/Pods-Instagram-InstagramUITests.release.xcconfig"; sourceTree = "<group>"; };
		A352F368CD8502FD97BE984B /* Pods-InstagramTests.release.xcconfig */ = {isa = PBXFileReference; includeInIndex = 1; lastKnownFileType = text.xcconfig; name = "Pods-InstagramTests.release.xcconfig"; path = "Target Support Files/Pods-InstagramTests/Pods-InstagramTests.release.xcconfig"; sourceTree = "<group>"; };
		AAABEF3135CA95BF8B38EA71 /* Pods-InstagramTests.debug.xcconfig */ = {isa = PBXFileReference; includeInIndex = 1; lastKnownFileType = text.xcconfig; name = "Pods-InstagramTests.debug.xcconfig"; path = "Target Support Files/Pods-InstagramTests/Pods-InstagramTests.debug.xcconfig"; sourceTree = "<group>"; };
		C07729CFBF4925B0141226CF /* Pods-Instagram.release.xcconfig */ = {isa = PBXFileReference; includeInIndex = 1; lastKnownFileType = text.xcconfig; name = "Pods-Instagram.release.xcconfig"; path = "Target Support Files/Pods-Instagram/Pods-Instagram.release.xcconfig"; sourceTree = "<group>"; };
		CF36FAC7B73E7FD90B8AA73A /* Pods-Instagram.debug.xcconfig */ = {isa = PBXFileReference; includeInIndex = 1; lastKnownFileType = text.xcconfig; name = "Pods-Instagram.debug.xcconfig"; path = "Target Support Files/Pods-Instagram/Pods-Instagram.debug.xcconfig"; sourceTree = "<group>"; };
		D2636C115B2F9A618E90624E /* Pods_InstagramTests.framework */ = {isa = PBXFileReference; explicitFileType = wrapper.framework; includeInIndex = 0; path = Pods_InstagramTests.framework; sourceTree = BUILT_PRODUCTS_DIR; };
		DB860C571DC8654394079142 /* Pods-Instagram-InstagramUITests.debug.xcconfig */ = {isa = PBXFileReference; includeInIndex = 1; lastKnownFileType = text.xcconfig; name = "Pods-Instagram-InstagramUITests.debug.xcconfig"; path = "Target Support Files/Pods-Instagram-InstagramUITests/Pods-Instagram-InstagramUITests.debug.xcconfig"; sourceTree = "<group>"; };
		DF5BEF893E9895958F49F770 /* Pods_Instagram.framework */ = {isa = PBXFileReference; explicitFileType = wrapper.framework; includeInIndex = 0; path = Pods_Instagram.framework; sourceTree = BUILT_PRODUCTS_DIR; };
/* End PBXFileReference section */

/* Begin PBXFrameworksBuildPhase section */
		1D0BC30227D4124A000AEAD5 /* Frameworks */ = {
			isa = PBXFrameworksBuildPhase;
			buildActionMask = 2147483647;
			files = (
				1D0BC33A27D4191E000AEAD5 /* AlamofireImage in Frameworks */,
				B9447D9DA2035BE90806E0E3 /* Pods_Instagram.framework in Frameworks */,
			);
			runOnlyForDeploymentPostprocessing = 0;
		};
		1D0BC31827D4124D000AEAD5 /* Frameworks */ = {
			isa = PBXFrameworksBuildPhase;
			buildActionMask = 2147483647;
			files = (
				C3A53724D3A903C7D463D46C /* Pods_InstagramTests.framework in Frameworks */,
			);
			runOnlyForDeploymentPostprocessing = 0;
		};
		1D0BC32227D4124E000AEAD5 /* Frameworks */ = {
			isa = PBXFrameworksBuildPhase;
			buildActionMask = 2147483647;
			files = (
				83AB1A29324CAB71DE950E74 /* Pods_Instagram_InstagramUITests.framework in Frameworks */,
			);
			runOnlyForDeploymentPostprocessing = 0;
		};
/* End PBXFrameworksBuildPhase section */

/* Begin PBXGroup section */
		1D0BC2FC27D4124A000AEAD5 = {
			isa = PBXGroup;
			children = (
				1D0BC30727D4124A000AEAD5 /* Instagram */,
				1D0BC31E27D4124D000AEAD5 /* InstagramTests */,
				1D0BC32827D4124E000AEAD5 /* InstagramUITests */,
				1D0BC30627D4124A000AEAD5 /* Products */,
				D50B21D5802360D4CA29F0AD /* Pods */,
				FBF5164A15ABA9DE6BB98C38 /* Frameworks */,
			);
			sourceTree = "<group>";
		};
		1D0BC30627D4124A000AEAD5 /* Products */ = {
			isa = PBXGroup;
			children = (
				1D0BC30527D4124A000AEAD5 /* Instagram.app */,
				1D0BC31B27D4124D000AEAD5 /* InstagramTests.xctest */,
				1D0BC32527D4124E000AEAD5 /* InstagramUITests.xctest */,
			);
			name = Products;
			sourceTree = "<group>";
		};
		1D0BC30727D4124A000AEAD5 /* Instagram */ = {
			isa = PBXGroup;
			children = (
				1D0BC30827D4124A000AEAD5 /* AppDelegate.swift */,
				1D0BC30A27D4124A000AEAD5 /* SceneDelegate.swift */,
				1D0BC30E27D4124A000AEAD5 /* Main.storyboard */,
				1D5B4BCF27D428500027626E /* LoginViewController.swift */,
				1D0BC31127D4124D000AEAD5 /* Assets.xcassets */,
				1D0BC31327D4124D000AEAD5 /* LaunchScreen.storyboard */,
				1D0BC31627D4124D000AEAD5 /* Info.plist */,
				1D5B4BD127D4286C0027626E /* FeedViewController.swift */,
				1D5B4BD327D46B860027626E /* CameraViewController.swift */,
				1D5B4BD527D4811A0027626E /* PostCell.swift */,
			);
			path = Instagram;
			sourceTree = "<group>";
		};
		1D0BC31E27D4124D000AEAD5 /* InstagramTests */ = {
			isa = PBXGroup;
			children = (
				1D0BC31F27D4124D000AEAD5 /* InstagramTests.swift */,
			);
			path = InstagramTests;
			sourceTree = "<group>";
		};
		1D0BC32827D4124E000AEAD5 /* InstagramUITests */ = {
			isa = PBXGroup;
			children = (
				1D0BC32927D4124E000AEAD5 /* InstagramUITests.swift */,
				1D0BC32B27D4124E000AEAD5 /* InstagramUITestsLaunchTests.swift */,
			);
			path = InstagramUITests;
			sourceTree = "<group>";
		};
		D50B21D5802360D4CA29F0AD /* Pods */ = {
			isa = PBXGroup;
			children = (
				CF36FAC7B73E7FD90B8AA73A /* Pods-Instagram.debug.xcconfig */,
				C07729CFBF4925B0141226CF /* Pods-Instagram.release.xcconfig */,
				DB860C571DC8654394079142 /* Pods-Instagram-InstagramUITests.debug.xcconfig */,
				A1097E789C99D023F0CDDB7F /* Pods-Instagram-InstagramUITests.release.xcconfig */,
				AAABEF3135CA95BF8B38EA71 /* Pods-InstagramTests.debug.xcconfig */,
				A352F368CD8502FD97BE984B /* Pods-InstagramTests.release.xcconfig */,
			);
			path = Pods;
			sourceTree = "<group>";
		};
		FBF5164A15ABA9DE6BB98C38 /* Frameworks */ = {
			isa = PBXGroup;
			children = (
				DF5BEF893E9895958F49F770 /* Pods_Instagram.framework */,
				838EB915DF444E74BF9C9ABC /* Pods_Instagram_InstagramUITests.framework */,
				D2636C115B2F9A618E90624E /* Pods_InstagramTests.framework */,
			);
			name = Frameworks;
			sourceTree = "<group>";
		};
/* End PBXGroup section */

/* Begin PBXNativeTarget section */
		1D0BC30427D4124A000AEAD5 /* Instagram */ = {
			isa = PBXNativeTarget;
			buildConfigurationList = 1D0BC32F27D4124E000AEAD5 /* Build configuration list for PBXNativeTarget "Instagram" */;
			buildPhases = (
				772CF2FC9BCFADCB9A1B7C4A /* [CP] Check Pods Manifest.lock */,
				1D0BC30127D4124A000AEAD5 /* Sources */,
				1D0BC30227D4124A000AEAD5 /* Frameworks */,
				1D0BC30327D4124A000AEAD5 /* Resources */,
				64A4E408FDB35B1A9DB29FE1 /* [CP] Embed Pods Frameworks */,
			);
			buildRules = (
			);
			dependencies = (
			);
			name = Instagram;
			packageProductDependencies = (
				1D0BC33927D4191E000AEAD5 /* AlamofireImage */,
			);
			productName = Instagram;
			productReference = 1D0BC30527D4124A000AEAD5 /* Instagram.app */;
			productType = "com.apple.product-type.application";
		};
		1D0BC31A27D4124D000AEAD5 /* InstagramTests */ = {
			isa = PBXNativeTarget;
			buildConfigurationList = 1D0BC33227D4124E000AEAD5 /* Build configuration list for PBXNativeTarget "InstagramTests" */;
			buildPhases = (
				7CBD572E7575DA2023A97240 /* [CP] Check Pods Manifest.lock */,
				1D0BC31727D4124D000AEAD5 /* Sources */,
				1D0BC31827D4124D000AEAD5 /* Frameworks */,
				1D0BC31927D4124D000AEAD5 /* Resources */,
			);
			buildRules = (
			);
			dependencies = (
				1D0BC31D27D4124D000AEAD5 /* PBXTargetDependency */,
			);
			name = InstagramTests;
			productName = InstagramTests;
			productReference = 1D0BC31B27D4124D000AEAD5 /* InstagramTests.xctest */;
			productType = "com.apple.product-type.bundle.unit-test";
		};
		1D0BC32427D4124E000AEAD5 /* InstagramUITests */ = {
			isa = PBXNativeTarget;
			buildConfigurationList = 1D0BC33527D4124E000AEAD5 /* Build configuration list for PBXNativeTarget "InstagramUITests" */;
			buildPhases = (
				325E71CAF91BBA4A752C95A7 /* [CP] Check Pods Manifest.lock */,
				1D0BC32127D4124E000AEAD5 /* Sources */,
				1D0BC32227D4124E000AEAD5 /* Frameworks */,
				1D0BC32327D4124E000AEAD5 /* Resources */,
				76B61243C66D87E63C106AB5 /* [CP] Embed Pods Frameworks */,
			);
			buildRules = (
			);
			dependencies = (
				1D0BC32727D4124E000AEAD5 /* PBXTargetDependency */,
			);
			name = InstagramUITests;
			productName = InstagramUITests;
			productReference = 1D0BC32527D4124E000AEAD5 /* InstagramUITests.xctest */;
			productType = "com.apple.product-type.bundle.ui-testing";
		};
/* End PBXNativeTarget section */

/* Begin PBXProject section */
		1D0BC2FD27D4124A000AEAD5 /* Project object */ = {
			isa = PBXProject;
			attributes = {
				BuildIndependentTargetsInParallel = 1;
				LastSwiftUpdateCheck = 1320;
				LastUpgradeCheck = 1320;
				TargetAttributes = {
					1D0BC30427D4124A000AEAD5 = {
						CreatedOnToolsVersion = 13.2.1;
					};
					1D0BC31A27D4124D000AEAD5 = {
						CreatedOnToolsVersion = 13.2.1;
						TestTargetID = 1D0BC30427D4124A000AEAD5;
					};
					1D0BC32427D4124E000AEAD5 = {
						CreatedOnToolsVersion = 13.2.1;
						TestTargetID = 1D0BC30427D4124A000AEAD5;
					};
				};
			};
			buildConfigurationList = 1D0BC30027D4124A000AEAD5 /* Build configuration list for PBXProject "Instagram" */;
			compatibilityVersion = "Xcode 13.0";
			developmentRegion = en;
			hasScannedForEncodings = 0;
			knownRegions = (
				en,
				Base,
			);
			mainGroup = 1D0BC2FC27D4124A000AEAD5;
			packageReferences = (
				1D0BC33827D4191E000AEAD5 /* XCRemoteSwiftPackageReference "AlamofireImage" */,
			);
			productRefGroup = 1D0BC30627D4124A000AEAD5 /* Products */;
			projectDirPath = "";
			projectRoot = "";
			targets = (
				1D0BC30427D4124A000AEAD5 /* Instagram */,
				1D0BC31A27D4124D000AEAD5 /* InstagramTests */,
				1D0BC32427D4124E000AEAD5 /* InstagramUITests */,
			);
		};
/* End PBXProject section */

/* Begin PBXResourcesBuildPhase section */
		1D0BC30327D4124A000AEAD5 /* Resources */ = {
			isa = PBXResourcesBuildPhase;
			buildActionMask = 2147483647;
			files = (
				1D0BC31527D4124D000AEAD5 /* LaunchScreen.storyboard in Resources */,
				1D0BC31227D4124D000AEAD5 /* Assets.xcassets in Resources */,
				1D0BC31027D4124A000AEAD5 /* Main.storyboard in Resources */,
			);
			runOnlyForDeploymentPostprocessing = 0;
		};
		1D0BC31927D4124D000AEAD5 /* Resources */ = {
			isa = PBXResourcesBuildPhase;
			buildActionMask = 2147483647;
			files = (
			);
			runOnlyForDeploymentPostprocessing = 0;
		};
		1D0BC32327D4124E000AEAD5 /* Resources */ = {
			isa = PBXResourcesBuildPhase;
			buildActionMask = 2147483647;
			files = (
			);
			runOnlyForDeploymentPostprocessing = 0;
		};
/* End PBXResourcesBuildPhase section */

/* Begin PBXShellScriptBuildPhase section */
		325E71CAF91BBA4A752C95A7 /* [CP] Check Pods Manifest.lock */ = {
			isa = PBXShellScriptBuildPhase;
			buildActionMask = 2147483647;
			files = (
			);
			inputFileListPaths = (
			);
			inputPaths = (
				"${PODS_PODFILE_DIR_PATH}/Podfile.lock",
				"${PODS_ROOT}/Manifest.lock",
			);
			name = "[CP] Check Pods Manifest.lock";
			outputFileListPaths = (
			);
			outputPaths = (
				"$(DERIVED_FILE_DIR)/Pods-Instagram-InstagramUITests-checkManifestLockResult.txt",
			);
			runOnlyForDeploymentPostprocessing = 0;
			shellPath = /bin/sh;
			shellScript = "diff \"${PODS_PODFILE_DIR_PATH}/Podfile.lock\" \"${PODS_ROOT}/Manifest.lock\" > /dev/null\nif [ $? != 0 ] ; then\n    # print error to STDERR\n    echo \"error: The sandbox is not in sync with the Podfile.lock. Run 'pod install' or update your CocoaPods installation.\" >&2\n    exit 1\nfi\n# This output is used by Xcode 'outputs' to avoid re-running this script phase.\necho \"SUCCESS\" > \"${SCRIPT_OUTPUT_FILE_0}\"\n";
			showEnvVarsInLog = 0;
		};
		64A4E408FDB35B1A9DB29FE1 /* [CP] Embed Pods Frameworks */ = {
			isa = PBXShellScriptBuildPhase;
			buildActionMask = 2147483647;
			files = (
			);
			inputFileListPaths = (
				"${PODS_ROOT}/Target Support Files/Pods-Instagram/Pods-Instagram-frameworks-${CONFIGURATION}-input-files.xcfilelist",
			);
			name = "[CP] Embed Pods Frameworks";
			outputFileListPaths = (
				"${PODS_ROOT}/Target Support Files/Pods-Instagram/Pods-Instagram-frameworks-${CONFIGURATION}-output-files.xcfilelist",
			);
			runOnlyForDeploymentPostprocessing = 0;
			shellPath = /bin/sh;
			shellScript = "\"${PODS_ROOT}/Target Support Files/Pods-Instagram/Pods-Instagram-frameworks.sh\"\n";
			showEnvVarsInLog = 0;
		};
		76B61243C66D87E63C106AB5 /* [CP] Embed Pods Frameworks */ = {
			isa = PBXShellScriptBuildPhase;
			buildActionMask = 2147483647;
			files = (
			);
			inputFileListPaths = (
				"${PODS_ROOT}/Target Support Files/Pods-Instagram-InstagramUITests/Pods-Instagram-InstagramUITests-frameworks-${CONFIGURATION}-input-files.xcfilelist",
			);
			name = "[CP] Embed Pods Frameworks";
			outputFileListPaths = (
				"${PODS_ROOT}/Target Support Files/Pods-Instagram-InstagramUITests/Pods-Instagram-InstagramUITests-frameworks-${CONFIGURATION}-output-files.xcfilelist",
			);
			runOnlyForDeploymentPostprocessing = 0;
			shellPath = /bin/sh;
			shellScript = "\"${PODS_ROOT}/Target Support Files/Pods-Instagram-InstagramUITests/Pods-Instagram-InstagramUITests-frameworks.sh\"\n";
			showEnvVarsInLog = 0;
		};
		772CF2FC9BCFADCB9A1B7C4A /* [CP] Check Pods Manifest.lock */ = {
			isa = PBXShellScriptBuildPhase;
			buildActionMask = 2147483647;
			files = (
			);
			inputFileListPaths = (
			);
			inputPaths = (
				"${PODS_PODFILE_DIR_PATH}/Podfile.lock",
				"${PODS_ROOT}/Manifest.lock",
			);
			name = "[CP] Check Pods Manifest.lock";
			outputFileListPaths = (
			);
			outputPaths = (
				"$(DERIVED_FILE_DIR)/Pods-Instagram-checkManifestLockResult.txt",
			);
			runOnlyForDeploymentPostprocessing = 0;
			shellPath = /bin/sh;
			shellScript = "diff \"${PODS_PODFILE_DIR_PATH}/Podfile.lock\" \"${PODS_ROOT}/Manifest.lock\" > /dev/null\nif [ $? != 0 ] ; then\n    # print error to STDERR\n    echo \"error: The sandbox is not in sync with the Podfile.lock. Run 'pod install' or update your CocoaPods installation.\" >&2\n    exit 1\nfi\n# This output is used by Xcode 'outputs' to avoid re-running this script phase.\necho \"SUCCESS\" > \"${SCRIPT_OUTPUT_FILE_0}\"\n";
			showEnvVarsInLog = 0;
		};
		7CBD572E7575DA2023A97240 /* [CP] Check Pods Manifest.lock */ = {
			isa = PBXShellScriptBuildPhase;
			buildActionMask = 2147483647;
			files = (
			);
			inputFileListPaths = (
			);
			inputPaths = (
				"${PODS_PODFILE_DIR_PATH}/Podfile.lock",
				"${PODS_ROOT}/Manifest.lock",
			);
			name = "[CP] Check Pods Manifest.lock";
			outputFileListPaths = (
			);
			outputPaths = (
				"$(DERIVED_FILE_DIR)/Pods-InstagramTests-checkManifestLockResult.txt",
			);
			runOnlyForDeploymentPostprocessing = 0;
			shellPath = /bin/sh;
			shellScript = "diff \"${PODS_PODFILE_DIR_PATH}/Podfile.lock\" \"${PODS_ROOT}/Manifest.lock\" > /dev/null\nif [ $? != 0 ] ; then\n    # print error to STDERR\n    echo \"error: The sandbox is not in sync with the Podfile.lock. Run 'pod install' or update your CocoaPods installation.\" >&2\n    exit 1\nfi\n# This output is used by Xcode 'outputs' to avoid re-running this script phase.\necho \"SUCCESS\" > \"${SCRIPT_OUTPUT_FILE_0}\"\n";
			showEnvVarsInLog = 0;
		};
/* End PBXShellScriptBuildPhase section */

/* Begin PBXSourcesBuildPhase section */
		1D0BC30127D4124A000AEAD5 /* Sources */ = {
			isa = PBXSourcesBuildPhase;
			buildActionMask = 2147483647;
			files = (
				1D5B4BD027D428500027626E /* LoginViewController.swift in Sources */,
				1D5B4BD427D46B860027626E /* CameraViewController.swift in Sources */,
				1D0BC30927D4124A000AEAD5 /* AppDelegate.swift in Sources */,
				1D5B4BD227D4286C0027626E /* FeedViewController.swift in Sources */,
				1D0BC30B27D4124A000AEAD5 /* SceneDelegate.swift in Sources */,
				1D5B4BD627D4811A0027626E /* PostCell.swift in Sources */,
			);
			runOnlyForDeploymentPostprocessing = 0;
		};
		1D0BC31727D4124D000AEAD5 /* Sources */ = {
			isa = PBXSourcesBuildPhase;
			buildActionMask = 2147483647;
			files = (
				1D0BC32027D4124D000AEAD5 /* InstagramTests.swift in Sources */,
			);
			runOnlyForDeploymentPostprocessing = 0;
		};
		1D0BC32127D4124E000AEAD5 /* Sources */ = {
			isa = PBXSourcesBuildPhase;
			buildActionMask = 2147483647;
			files = (
				1D0BC32A27D4124E000AEAD5 /* InstagramUITests.swift in Sources */,
				1D0BC32C27D4124E000AEAD5 /* InstagramUITestsLaunchTests.swift in Sources */,
			);
			runOnlyForDeploymentPostprocessing = 0;
		};
/* End PBXSourcesBuildPhase section */

/* Begin PBXTargetDependency section */
		1D0BC31D27D4124D000AEAD5 /* PBXTargetDependency */ = {
			isa = PBXTargetDependency;
			target = 1D0BC30427D4124A000AEAD5 /* Instagram */;
			targetProxy = 1D0BC31C27D4124D000AEAD5 /* PBXContainerItemProxy */;
		};
		1D0BC32727D4124E000AEAD5 /* PBXTargetDependency */ = {
			isa = PBXTargetDependency;
			target = 1D0BC30427D4124A000AEAD5 /* Instagram */;
			targetProxy = 1D0BC32627D4124E000AEAD5 /* PBXContainerItemProxy */;
		};
/* End PBXTargetDependency section */

/* Begin PBXVariantGroup section */
		1D0BC30E27D4124A000AEAD5 /* Main.storyboard */ = {
			isa = PBXVariantGroup;
			children = (
				1D0BC30F27D4124A000AEAD5 /* Base */,
			);
			name = Main.storyboard;
			sourceTree = "<group>";
		};
		1D0BC31327D4124D000AEAD5 /* LaunchScreen.storyboard */ = {
			isa = PBXVariantGroup;
			children = (
				1D0BC31427D4124D000AEAD5 /* Base */,
			);
			name = LaunchScreen.storyboard;
			sourceTree = "<group>";
		};
/* End PBXVariantGroup section */

/* Begin XCBuildConfiguration section */
		1D0BC32D27D4124E000AEAD5 /* Debug */ = {
			isa = XCBuildConfiguration;
			buildSettings = {
				ALWAYS_SEARCH_USER_PATHS = NO;
				CLANG_ANALYZER_NONNULL = YES;
				CLANG_ANALYZER_NUMBER_OBJECT_CONVERSION = YES_AGGRESSIVE;
				CLANG_CXX_LANGUAGE_STANDARD = "gnu++17";
				CLANG_CXX_LIBRARY = "libc++";
				CLANG_ENABLE_MODULES = YES;
				CLANG_ENABLE_OBJC_ARC = YES;
				CLANG_ENABLE_OBJC_WEAK = YES;
				CLANG_WARN_BLOCK_CAPTURE_AUTORELEASING = YES;
				CLANG_WARN_BOOL_CONVERSION = YES;
				CLANG_WARN_COMMA = YES;
				CLANG_WARN_CONSTANT_CONVERSION = YES;
				CLANG_WARN_DEPRECATED_OBJC_IMPLEMENTATIONS = YES;
				CLANG_WARN_DIRECT_OBJC_ISA_USAGE = YES_ERROR;
				CLANG_WARN_DOCUMENTATION_COMMENTS = YES;
				CLANG_WARN_EMPTY_BODY = YES;
				CLANG_WARN_ENUM_CONVERSION = YES;
				CLANG_WARN_INFINITE_RECURSION = YES;
				CLANG_WARN_INT_CONVERSION = YES;
				CLANG_WARN_NON_LITERAL_NULL_CONVERSION = YES;
				CLANG_WARN_OBJC_IMPLICIT_RETAIN_SELF = YES;
				CLANG_WARN_OBJC_LITERAL_CONVERSION = YES;
				CLANG_WARN_OBJC_ROOT_CLASS = YES_ERROR;
				CLANG_WARN_QUOTED_INCLUDE_IN_FRAMEWORK_HEADER = YES;
				CLANG_WARN_RANGE_LOOP_ANALYSIS = YES;
				CLANG_WARN_STRICT_PROTOTYPES = YES;
				CLANG_WARN_SUSPICIOUS_MOVE = YES;
				CLANG_WARN_UNGUARDED_AVAILABILITY = YES_AGGRESSIVE;
				CLANG_WARN_UNREACHABLE_CODE = YES;
				CLANG_WARN__DUPLICATE_METHOD_MATCH = YES;
				COPY_PHASE_STRIP = NO;
				DEBUG_INFORMATION_FORMAT = dwarf;
				ENABLE_STRICT_OBJC_MSGSEND = YES;
				ENABLE_TESTABILITY = YES;
				GCC_C_LANGUAGE_STANDARD = gnu11;
				GCC_DYNAMIC_NO_PIC = NO;
				GCC_NO_COMMON_BLOCKS = YES;
				GCC_OPTIMIZATION_LEVEL = 0;
				GCC_PREPROCESSOR_DEFINITIONS = (
					"DEBUG=1",
					"$(inherited)",
				);
				GCC_WARN_64_TO_32_BIT_CONVERSION = YES;
				GCC_WARN_ABOUT_RETURN_TYPE = YES_ERROR;
				GCC_WARN_UNDECLARED_SELECTOR = YES;
				GCC_WARN_UNINITIALIZED_AUTOS = YES_AGGRESSIVE;
				GCC_WARN_UNUSED_FUNCTION = YES;
				GCC_WARN_UNUSED_VARIABLE = YES;
				IPHONEOS_DEPLOYMENT_TARGET = 15.2;
				MTL_ENABLE_DEBUG_INFO = INCLUDE_SOURCE;
				MTL_FAST_MATH = YES;
				ONLY_ACTIVE_ARCH = YES;
				SDKROOT = iphoneos;
				SWIFT_ACTIVE_COMPILATION_CONDITIONS = DEBUG;
				SWIFT_OPTIMIZATION_LEVEL = "-Onone";
			};
			name = Debug;
		};
		1D0BC32E27D4124E000AEAD5 /* Release */ = {
			isa = XCBuildConfiguration;
			buildSettings = {
				ALWAYS_SEARCH_USER_PATHS = NO;
				CLANG_ANALYZER_NONNULL = YES;
				CLANG_ANALYZER_NUMBER_OBJECT_CONVERSION = YES_AGGRESSIVE;
				CLANG_CXX_LANGUAGE_STANDARD = "gnu++17";
				CLANG_CXX_LIBRARY = "libc++";
				CLANG_ENABLE_MODULES = YES;
				CLANG_ENABLE_OBJC_ARC = YES;
				CLANG_ENABLE_OBJC_WEAK = YES;
				CLANG_WARN_BLOCK_CAPTURE_AUTORELEASING = YES;
				CLANG_WARN_BOOL_CONVERSION = YES;
				CLANG_WARN_COMMA = YES;
				CLANG_WARN_CONSTANT_CONVERSION = YES;
				CLANG_WARN_DEPRECATED_OBJC_IMPLEMENTATIONS = YES;
				CLANG_WARN_DIRECT_OBJC_ISA_USAGE = YES_ERROR;
				CLANG_WARN_DOCUMENTATION_COMMENTS = YES;
				CLANG_WARN_EMPTY_BODY = YES;
				CLANG_WARN_ENUM_CONVERSION = YES;
				CLANG_WARN_INFINITE_RECURSION = YES;
				CLANG_WARN_INT_CONVERSION = YES;
				CLANG_WARN_NON_LITERAL_NULL_CONVERSION = YES;
				CLANG_WARN_OBJC_IMPLICIT_RETAIN_SELF = YES;
				CLANG_WARN_OBJC_LITERAL_CONVERSION = YES;
				CLANG_WARN_OBJC_ROOT_CLASS = YES_ERROR;
				CLANG_WARN_QUOTED_INCLUDE_IN_FRAMEWORK_HEADER = YES;
				CLANG_WARN_RANGE_LOOP_ANALYSIS = YES;
				CLANG_WARN_STRICT_PROTOTYPES = YES;
				CLANG_WARN_SUSPICIOUS_MOVE = YES;
				CLANG_WARN_UNGUARDED_AVAILABILITY = YES_AGGRESSIVE;
				CLANG_WARN_UNREACHABLE_CODE = YES;
				CLANG_WARN__DUPLICATE_METHOD_MATCH = YES;
				COPY_PHASE_STRIP = NO;
				DEBUG_INFORMATION_FORMAT = "dwarf-with-dsym";
				ENABLE_NS_ASSERTIONS = NO;
				ENABLE_STRICT_OBJC_MSGSEND = YES;
				GCC_C_LANGUAGE_STANDARD = gnu11;
				GCC_NO_COMMON_BLOCKS = YES;
				GCC_WARN_64_TO_32_BIT_CONVERSION = YES;
				GCC_WARN_ABOUT_RETURN_TYPE = YES_ERROR;
				GCC_WARN_UNDECLARED_SELECTOR = YES;
				GCC_WARN_UNINITIALIZED_AUTOS = YES_AGGRESSIVE;
				GCC_WARN_UNUSED_FUNCTION = YES;
				GCC_WARN_UNUSED_VARIABLE = YES;
				IPHONEOS_DEPLOYMENT_TARGET = 15.2;
				MTL_ENABLE_DEBUG_INFO = NO;
				MTL_FAST_MATH = YES;
				SDKROOT = iphoneos;
				SWIFT_COMPILATION_MODE = wholemodule;
				SWIFT_OPTIMIZATION_LEVEL = "-O";
				VALIDATE_PRODUCT = YES;
			};
			name = Release;
		};
		1D0BC33027D4124E000AEAD5 /* Debug */ = {
			isa = XCBuildConfiguration;
			baseConfigurationReference = CF36FAC7B73E7FD90B8AA73A /* Pods-Instagram.debug.xcconfig */;
			buildSettings = {
				ASSETCATALOG_COMPILER_APPICON_NAME = AppIcon;
				ASSETCATALOG_COMPILER_GLOBAL_ACCENT_COLOR_NAME = AccentColor;
				CODE_SIGN_STYLE = Automatic;
				CURRENT_PROJECT_VERSION = 1;
				DEVELOPMENT_TEAM = 39TZ9QCGMG;
				GENERATE_INFOPLIST_FILE = YES;
				INFOPLIST_FILE = Instagram/Info.plist;
				INFOPLIST_KEY_UIApplicationSupportsIndirectInputEvents = YES;
				INFOPLIST_KEY_UILaunchStoryboardName = LaunchScreen;
				INFOPLIST_KEY_UIMainStoryboardFile = Main;
				INFOPLIST_KEY_UISupportedInterfaceOrientations_iPad = "UIInterfaceOrientationPortrait UIInterfaceOrientationPortraitUpsideDown UIInterfaceOrientationLandscapeLeft UIInterfaceOrientationLandscapeRight";
				INFOPLIST_KEY_UISupportedInterfaceOrientations_iPhone = "UIInterfaceOrientationPortrait UIInterfaceOrientationLandscapeLeft UIInterfaceOrientationLandscapeRight";
				LD_RUNPATH_SEARCH_PATHS = (
					"$(inherited)",
					"@executable_path/Frameworks",
				);
				MARKETING_VERSION = 1.0;
				PRODUCT_BUNDLE_IDENTIFIER = com.daisyrocha.iosdev.Instagram;
				PRODUCT_NAME = "$(TARGET_NAME)";
				SWIFT_EMIT_LOC_STRINGS = YES;
				SWIFT_VERSION = 5.0;
				TARGETED_DEVICE_FAMILY = "1,2";
			};
			name = Debug;
		};
		1D0BC33127D4124E000AEAD5 /* Release */ = {
			isa = XCBuildConfiguration;
			baseConfigurationReference = C07729CFBF4925B0141226CF /* Pods-Instagram.release.xcconfig */;
			buildSettings = {
				ASSETCATALOG_COMPILER_APPICON_NAME = AppIcon;
				ASSETCATALOG_COMPILER_GLOBAL_ACCENT_COLOR_NAME = AccentColor;
				CODE_SIGN_STYLE = Automatic;
				CURRENT_PROJECT_VERSION = 1;
				DEVELOPMENT_TEAM = 39TZ9QCGMG;
				GENERATE_INFOPLIST_FILE = YES;
				INFOPLIST_FILE = Instagram/Info.plist;
				INFOPLIST_KEY_UIApplicationSupportsIndirectInputEvents = YES;
				INFOPLIST_KEY_UILaunchStoryboardName = LaunchScreen;
				INFOPLIST_KEY_UIMainStoryboardFile = Main;
				INFOPLIST_KEY_UISupportedInterfaceOrientations_iPad = "UIInterfaceOrientationPortrait UIInterfaceOrientationPortraitUpsideDown UIInterfaceOrientationLandscapeLeft UIInterfaceOrientationLandscapeRight";
				INFOPLIST_KEY_UISupportedInterfaceOrientations_iPhone = "UIInterfaceOrientationPortrait UIInterfaceOrientationLandscapeLeft UIInterfaceOrientationLandscapeRight";
				LD_RUNPATH_SEARCH_PATHS = (
					"$(inherited)",
					"@executable_path/Frameworks",
				);
				MARKETING_VERSION = 1.0;
				PRODUCT_BUNDLE_IDENTIFIER = com.daisyrocha.iosdev.Instagram;
				PRODUCT_NAME = "$(TARGET_NAME)";
				SWIFT_EMIT_LOC_STRINGS = YES;
				SWIFT_VERSION = 5.0;
				TARGETED_DEVICE_FAMILY = "1,2";
			};
			name = Release;
		};
		1D0BC33327D4124E000AEAD5 /* Debug */ = {
			isa = XCBuildConfiguration;
			baseConfigurationReference = AAABEF3135CA95BF8B38EA71 /* Pods-InstagramTests.debug.xcconfig */;
			buildSettings = {
				ALWAYS_EMBED_SWIFT_STANDARD_LIBRARIES = YES;
				BUNDLE_LOADER = "$(TEST_HOST)";
				CODE_SIGN_STYLE = Automatic;
				CURRENT_PROJECT_VERSION = 1;
				DEVELOPMENT_TEAM = 39TZ9QCGMG;
				GENERATE_INFOPLIST_FILE = YES;
				IPHONEOS_DEPLOYMENT_TARGET = 15.2;
				MARKETING_VERSION = 1.0;
				PRODUCT_BUNDLE_IDENTIFIER = com.daisyrocha.iosdev.InstagramTests;
				PRODUCT_NAME = "$(TARGET_NAME)";
				SWIFT_EMIT_LOC_STRINGS = NO;
				SWIFT_VERSION = 5.0;
				TARGETED_DEVICE_FAMILY = "1,2";
				TEST_HOST = "$(BUILT_PRODUCTS_DIR)/Instagram.app/Instagram";
			};
			name = Debug;
		};
		1D0BC33427D4124E000AEAD5 /* Release */ = {
			isa = XCBuildConfiguration;
			baseConfigurationReference = A352F368CD8502FD97BE984B /* Pods-InstagramTests.release.xcconfig */;
			buildSettings = {
				ALWAYS_EMBED_SWIFT_STANDARD_LIBRARIES = YES;
				BUNDLE_LOADER = "$(TEST_HOST)";
				CODE_SIGN_STYLE = Automatic;
				CURRENT_PROJECT_VERSION = 1;
				DEVELOPMENT_TEAM = 39TZ9QCGMG;
				GENERATE_INFOPLIST_FILE = YES;
				IPHONEOS_DEPLOYMENT_TARGET = 15.2;
				MARKETING_VERSION = 1.0;
				PRODUCT_BUNDLE_IDENTIFIER = com.daisyrocha.iosdev.InstagramTests;
				PRODUCT_NAME = "$(TARGET_NAME)";
				SWIFT_EMIT_LOC_STRINGS = NO;
				SWIFT_VERSION = 5.0;
				TARGETED_DEVICE_FAMILY = "1,2";
				TEST_HOST = "$(BUILT_PRODUCTS_DIR)/Instagram.app/Instagram";
			};
			name = Release;
		};
		1D0BC33627D4124E000AEAD5 /* Debug */ = {
			isa = XCBuildConfiguration;
			baseConfigurationReference = DB860C571DC8654394079142 /* Pods-Instagram-InstagramUITests.debug.xcconfig */;
			buildSettings = {
				ALWAYS_EMBED_SWIFT_STANDARD_LIBRARIES = YES;
				CODE_SIGN_STYLE = Automatic;
				CURRENT_PROJECT_VERSION = 1;
				DEVELOPMENT_TEAM = 39TZ9QCGMG;
				GENERATE_INFOPLIST_FILE = YES;
				MARKETING_VERSION = 1.0;
				PRODUCT_BUNDLE_IDENTIFIER = com.daisyrocha.iosdev.InstagramUITests;
				PRODUCT_NAME = "$(TARGET_NAME)";
				SWIFT_EMIT_LOC_STRINGS = NO;
				SWIFT_VERSION = 5.0;
				TARGETED_DEVICE_FAMILY = "1,2";
				TEST_TARGET_NAME = Instagram;
			};
			name = Debug;
		};
		1D0BC33727D4124E000AEAD5 /* Release */ = {
			isa = XCBuildConfiguration;
			baseConfigurationReference = A1097E789C99D023F0CDDB7F /* Pods-Instagram-InstagramUITests.release.xcconfig */;
			buildSettings = {
				ALWAYS_EMBED_SWIFT_STANDARD_LIBRARIES = YES;
				CODE_SIGN_STYLE = Automatic;
				CURRENT_PROJECT_VERSION = 1;
				DEVELOPMENT_TEAM = 39TZ9QCGMG;
				GENERATE_INFOPLIST_FILE = YES;
				MARKETING_VERSION = 1.0;
				PRODUCT_BUNDLE_IDENTIFIER = com.daisyrocha.iosdev.InstagramUITests;
				PRODUCT_NAME = "$(TARGET_NAME)";
				SWIFT_EMIT_LOC_STRINGS = NO;
				SWIFT_VERSION = 5.0;
				TARGETED_DEVICE_FAMILY = "1,2";
				TEST_TARGET_NAME = Instagram;
			};
			name = Release;
		};
/* End XCBuildConfiguration section */

/* Begin XCConfigurationList section */
		1D0BC30027D4124A000AEAD5 /* Build configuration list for PBXProject "Instagram" */ = {
			isa = XCConfigurationList;
			buildConfigurations = (
				1D0BC32D27D4124E000AEAD5 /* Debug */,
				1D0BC32E27D4124E000AEAD5 /* Release */,
			);
			defaultConfigurationIsVisible = 0;
			defaultConfigurationName = Release;
		};
		1D0BC32F27D4124E000AEAD5 /* Build configuration list for PBXNativeTarget "Instagram" */ = {
			isa = XCConfigurationList;
			buildConfigurations = (
				1D0BC33027D4124E000AEAD5 /* Debug */,
				1D0BC33127D4124E000AEAD5 /* Release */,
			);
			defaultConfigurationIsVisible = 0;
			defaultConfigurationName = Release;
		};
		1D0BC33227D4124E000AEAD5 /* Build configuration list for PBXNativeTarget "InstagramTests" */ = {
			isa = XCConfigurationList;
			buildConfigurations = (
				1D0BC33327D4124E000AEAD5 /* Debug */,
				1D0BC33427D4124E000AEAD5 /* Release */,
			);
			defaultConfigurationIsVisible = 0;
			defaultConfigurationName = Release;
		};
		1D0BC33527D4124E000AEAD5 /* Build configuration list for PBXNativeTarget "InstagramUITests" */ = {
			isa = XCConfigurationList;
			buildConfigurations = (
				1D0BC33627D4124E000AEAD5 /* Debug */,
				1D0BC33727D4124E000AEAD5 /* Release */,
			);
			defaultConfigurationIsVisible = 0;
			defaultConfigurationName = Release;
		};
/* End XCConfigurationList section */

/* Begin XCRemoteSwiftPackageReference section */
		1D0BC33827D4191E000AEAD5 /* XCRemoteSwiftPackageReference "AlamofireImage" */ = {
			isa = XCRemoteSwiftPackageReference;
			repositoryURL = "https://github.com/Alamofire/AlamofireImage";
			requirement = {
				branch = master;
				kind = branch;
			};
		};
/* End XCRemoteSwiftPackageReference section */

/* Begin XCSwiftPackageProductDependency section */
		1D0BC33927D4191E000AEAD5 /* AlamofireImage */ = {
			isa = XCSwiftPackageProductDependency;
			package = 1D0BC33827D4191E000AEAD5 /* XCRemoteSwiftPackageReference "AlamofireImage" */;
			productName = AlamofireImage;
		};
/* End XCSwiftPackageProductDependency section */
	};
	rootObject = 1D0BC2FD27D4124A000AEAD5 /* Project object */;
}
